<?xml version="1.0" encoding="utf-8"?>
<Project ToolsVersion="4.0" xmlns="http://schemas.microsoft.com/developer/msbuild/2003">
  <ItemGroup>
    <Filter Include="源文件">
      <UniqueIdentifier>{4FC737F1-C7A5-4376-A066-2A32D752A2FF}</UniqueIdentifier>
      <Extensions>cpp;c;cc;cxx;def;odl;idl;hpj;bat;asm;asmx</Extensions>
    </Filter>
    <Filter Include="头文件">
      <UniqueIdentifier>{93995380-89BD-4b04-88EB-625FBE52EBFB}</UniqueIdentifier>
      <Extensions>h;hh;hpp;hxx;hm;inl;inc;ipp;xsd</Extensions>
    </Filter>
    <Filter Include="资源文件">
      <UniqueIdentifier>{67DA6AB6-F800-4c08-8B7A-83BB121AAD01}</UniqueIdentifier>
      <Extensions>rc;ico;cur;bmp;dlg;rc2;rct;bin;rgs;gif;jpg;jpeg;jpe;resx;tiff;tif;png;wav;mfcribbon-ms</Extensions>
    </Filter>
  </ItemGroup>
  <ItemGroup>
    <ClInclude Include="pch.h">
      <Filter>头文件</Filter>
    </ClInclude>
    <ClInclude Include="book.h">
      <Filter>头文件</Filter>
    </ClInclude>
    <ClInclude Include="Database.h">
      <Filter>头文件</Filter>
    </ClInclude>
    <ClInclude Include="ImportForm.h">
      <Filter>头文件</Filter>
    </ClInclude>
    <ClInclude Include="ManageSystem.h">
      <Filter>头文件</Filter>
    </ClInclude>
    <ClInclude Include="PrintHelper.h">
      <Filter>头文件</Filter>
    </ClInclude>
    <ClInclude Include="Provider.h">
      <Filter>头文件</Filter>
    </ClInclude>
    <ClInclude Include="Quotation.h">
      <Filter>头文件</Filter>
    </ClInclude>
    <ClInclude Include="returnForm.h">
      <Filter>头文件</Filter>
    </ClInclude>
    <ClInclude Include="SaleForm.h">
      <Filter>头文件</Filter>
    </ClInclude>
    <ClInclude Include="Staff.h">
      <Filter>头文件</Filter>
    </ClInclude>
  </ItemGroup>
  <ItemGroup>
    <ClCompile Include="pch.cpp">
      <Filter>源文件</Filter>
    </ClCompile>
    <ClCompile Include="project.cpp">
      <Filter>源文件</Filter>
    </ClCompile>
    <ClCompile Include="Book.cpp">
      <Filter>源文件</Filter>
    </ClCompile>
    <ClCompile Include="Database.cpp">
      <Filter>源文件</Filter>
    </ClCompile>
    <ClCompile Include="exp.cpp">
      <Filter>源文件</Filter>
    </ClCompile>
    <ClCompile Include="ImportForm.cpp">
      <Filter>源文件</Filter>
    </ClCompile>
    <ClCompile Include="ManageSystem.cpp">
      <Filter>源文件</Filter>
    </ClCompile>
    <ClCompile Include="PrintHelper.cpp">
      <Filter>源文件</Filter>
    </ClCompile>
    <ClCompile Include="Provider.cpp">
      <Filter>源文件</Filter>
    </ClCompile>
    <ClCompile Include="Quotation.cpp">
      <Filter>源文件</Filter>
    </ClCompile>
    <ClCompile Include="returnForm.cpp">
      <Filter>源文件</Filter>
    </ClCompile>
    <ClCompile Include="SaleForm.cpp">
      <Filter>源文件</Filter>
    </ClCompile>
    <ClCompile Include="Staff.cpp">
      <Filter>源文件</Filter>
    </ClCompile>
    <ClCompile Include="test.cpp">
      <Filter>源文件</Filter>
    </ClCompile>
  </ItemGroup>
</Project>